
Microsoft Visual Studio Solution File, Format Version 12.00
# Visual Studio Version 17
VisualStudioVersion = 17.13.35931.197 d17.13
MinimumVisualStudioVersion = 10.0.40219.1
Project("{FAE04EC0-301F-11D3-BF4B-00C04F79EFBC}") = "mchicaizaS3", "mchicaizaS3.csproj", "{3F79B7D3-FE1D-43D9-926A-B09465B79BC1}"
EndProject
Global
	GlobalSection(SolutionConfigurationPlatforms) = preSolution
		Debug|Any CPU = Debug|Any CPU
		Release|Any CPU = Release|Any CPU
	EndGlobalSection
	GlobalSection(ProjectConfigurationPlatforms) = postSolution
		{3F79B7D3-FE1D-43D9-926A-B09465B79BC1}.Debug|Any CPU.ActiveCfg = Debug|Any CPU
		{3F79B7D3-FE1D-43D9-926A-B09465B79BC1}.Debug|Any CPU.Build.0 = Debug|Any CPU
		{3F79B7D3-FE1D-43D9-926A-B09465B79BC1}.Release|Any CPU.ActiveCfg = Release|Any CPU
		{3F79B7D3-FE1D-43D9-926A-B09465B79BC1}.Release|Any CPU.Build.0 = Release|Any CPU
	EndGlobalSection
	GlobalSection(SolutionProperties) = preSolution
		HideSolutionNode = FALSE
	EndGlobalSection
	GlobalSection(ExtensibilityGlobals) = postSolution
		SolutionGuid = {30448F38-3020-4419-BDCC-47BC3B082594}
	EndGlobalSection
EndGlobal
